
Microsoft Visual Studio Solution File, Format Version 12.00
# Visual Studio Version 17
VisualStudioVersion = 17.14.36310.24 d17.14
MinimumVisualStudioVersion = 10.0.40219.1
Project("{FAE04EC0-301F-11D3-BF4B-00C04F79EFBC}") = "TourManagementSystem", "TourManagementSystem\TourManagementSystem.csproj", "{1D1CBB04-9348-4A85-A651-8AB21925C82A}"
EndProject
Global
	GlobalSection(SolutionConfigurationPlatforms) = preSolution
		Debug|Any CPU = Debug|Any CPU
		Release|Any CPU = Release|Any CPU
	EndGlobalSection
	GlobalSection(ProjectConfigurationPlatforms) = postSolution
		{1D1CBB04-9348-4A85-A651-8AB21925C82A}.Debug|Any CPU.ActiveCfg = Debug|Any CPU
		{1D1CBB04-9348-4A85-A651-8AB21925C82A}.Debug|Any CPU.Build.0 = Debug|Any CPU
		{1D1CBB04-9348-4A85-A651-8AB21925C82A}.Release|Any CPU.ActiveCfg = Release|Any CPU
		{1D1CBB04-9348-4A85-A651-8AB21925C82A}.Release|Any CPU.Build.0 = Release|Any CPU
	EndGlobalSection
	GlobalSection(SolutionProperties) = preSolution
		HideSolutionNode = FALSE
	EndGlobalSection
	GlobalSection(ExtensibilityGlobals) = postSolution
		SolutionGuid = {5B5B5125-01B8-454A-8477-F4BC15562051}
	EndGlobalSection
EndGlobal
